// !$*UTF8*$!
{
	archiveVersion = 1;
	classes = {
	};
	objectVersion = 46;
	objects = {

/* Begin PBXBuildFile section */
		150B54CFD5E7D35A487FC3A4 /* Pods_LeafViewerTests.framework in Frameworks */ = {isa = PBXBuildFile; fileRef = BCCB26DBA40FE5DF45A52F8F /* Pods_LeafViewerTests.framework */; };
		1A9B61F9D9376F07C02D414C /* Pods_LeafViewerUITests.framework in Frameworks */ = {isa = PBXBuildFile; fileRef = 9DADDB21AC12498B556B3252 /* Pods_LeafViewerUITests.framework */; };
		B76EA02D552ACC1FBEB1E3BA /* ImageFileSystemManager.swift in Sources */ = {isa = PBXBuildFile; fileRef = B76EA19E0224343B2BCC6CC8 /* ImageFileSystemManager.swift */; };
		B76EA124D426940A4195EC61 /* ImageFileManagerProto.swift in Sources */ = {isa = PBXBuildFile; fileRef = B76EA595517C80DDE9EB2DCC /* ImageFileManagerProto.swift */; };
		B76EA180E4338077CD97D5D0 /* ViewMode.swift in Sources */ = {isa = PBXBuildFile; fileRef = B76EADDE42D010F6C4E0D134 /* ViewMode.swift */; };
		B76EA219EF7C1D6073BF232D /* JustWindowCalculationViewSize.swift in Sources */ = {isa = PBXBuildFile; fileRef = B76EA88601818B93E1FE4A39 /* JustWindowCalculationViewSize.swift */; };
		B76EA28CDD6104250FCF4DED /* ImageScrollView.swift in Sources */ = {isa = PBXBuildFile; fileRef = B76EACC3FF4EAC1026D26EAA /* ImageScrollView.swift */; };
		B76EA3FC0D74D8C45CFD4264 /* AutomaticZoomCalculationViewSize.swift in Sources */ = {isa = PBXBuildFile; fileRef = B76EA0528DECE5C24D9ECE44 /* AutomaticZoomCalculationViewSize.swift */; };
		B76EA4CE8A184FFCB616F107 /* ImageWindowController.swift in Sources */ = {isa = PBXBuildFile; fileRef = B76EA23DDC363E462367D7AE /* ImageWindowController.swift */; };
		B76EA5E4DCCB0914AD5B849B /* AppDelegateMenuExtension.swift in Sources */ = {isa = PBXBuildFile; fileRef = B76EABB6F8949F31DAA4AC50 /* AppDelegateMenuExtension.swift */; };
		B76EA6125809C10B319BC6F5 /* CenteredClipView.swift in Sources */ = {isa = PBXBuildFile; fileRef = B76EAA9FE31CDD744A3DACDD /* CenteredClipView.swift */; };
		B76EA623D8D0862634007156 /* ImageWebView.swift in Sources */ = {isa = PBXBuildFile; fileRef = B76EAC4C3F6B400EF5510DA2 /* ImageWebView.swift */; };
		B76EA6A51550441F695ED361 /* ImageViewController.swift in Sources */ = {isa = PBXBuildFile; fileRef = B76EA0566848A1EC26838C9E /* ImageViewController.swift */; };
		B76EA75CC62FE5E421DE38D1 /* App.swift in Sources */ = {isa = PBXBuildFile; fileRef = B76EA5D152E7AE93D84168BA /* App.swift */; };
		B76EA7786C6F84C4FCC29C18 /* ImageFileManager.swift in Sources */ = {isa = PBXBuildFile; fileRef = B76EAD0936D2723ECB124BF1 /* ImageFileManager.swift */; };
		B76EA9365730B038EB666079 /* NSImageExtension.swift in Sources */ = {isa = PBXBuildFile; fileRef = B76EAA8D817EC46A180B5754 /* NSImageExtension.swift */; };
		B76EA9D565E4A81A68C43F7E /* ImageZipFileManager.swift in Sources */ = {isa = PBXBuildFile; fileRef = B76EA7569595A045EE2CE95C /* ImageZipFileManager.swift */; };
		B76EA9FA7AEAC20FE020948D /* ImageCalculationViewSize.swift in Sources */ = {isa = PBXBuildFile; fileRef = B76EA6C038B7467016722AE2 /* ImageCalculationViewSize.swift */; };
		B76EABE5D06310C2BF18B232 /* OriginalCalculationViewSize.swift in Sources */ = {isa = PBXBuildFile; fileRef = B76EA97949447F0F3033B04C /* OriginalCalculationViewSize.swift */; };
		B76EAC16A205E0EFFBDB3B70 /* ReduceDisplayLargerScreenCalculationViewSize.swift in Sources */ = {isa = PBXBuildFile; fileRef = B76EAEAD21C1B87493A914B2 /* ReduceDisplayLargerScreenCalculationViewSize.swift */; };
		B76EAC856B5CBF31AAA73BC7 /* AppDelegate.swift in Sources */ = {isa = PBXBuildFile; fileRef = B76EA36705BEE6460B030989 /* AppDelegate.swift */; };
		B76EAFCEF324410FCEE5DF2C /* CalculationViewSize.swift in Sources */ = {isa = PBXBuildFile; fileRef = B76EAFA16E09B8912048B79F /* CalculationViewSize.swift */; };
		B854DFC91EF7489B00984974 /* Assets.xcassets in Resources */ = {isa = PBXBuildFile; fileRef = B854DFC81EF7489B00984974 /* Assets.xcassets */; };
		B854DFCC1EF7489B00984974 /* Main.storyboard in Resources */ = {isa = PBXBuildFile; fileRef = B854DFCA1EF7489B00984974 /* Main.storyboard */; };
		B854DFD71EF7489B00984974 /* LeafViewerTests.swift in Sources */ = {isa = PBXBuildFile; fileRef = B854DFD61EF7489B00984974 /* LeafViewerTests.swift */; };
		B854DFE21EF7489B00984974 /* LeafViewerUITests.swift in Sources */ = {isa = PBXBuildFile; fileRef = B854DFE11EF7489B00984974 /* LeafViewerUITests.swift */; };
		B854E02B1EF7DDF900984974 /* Image.storyboard in Resources */ = {isa = PBXBuildFile; fileRef = B854E02A1EF7DDF900984974 /* Image.storyboard */; };
		B854E02E1EFA3F1700984974 /* ImageIO.framework in Frameworks */ = {isa = PBXBuildFile; fileRef = B854E02D1EFA3F1700984974 /* ImageIO.framework */; };
		B854E0301EFA706100984974 /* WebKit.framework in Frameworks */ = {isa = PBXBuildFile; fileRef = B854E02F1EFA706100984974 /* WebKit.framework */; };
		F9A213A8E850D940E533A61E /* Pods_LeafViewer.framework in Frameworks */ = {isa = PBXBuildFile; fileRef = E673C00D458847D68A7386D4 /* Pods_LeafViewer.framework */; };
/* End PBXBuildFile section */

/* Begin PBXContainerItemProxy section */
		B854DFD31EF7489B00984974 /* PBXContainerItemProxy */ = {
			isa = PBXContainerItemProxy;
			containerPortal = B854DFB91EF7489B00984974 /* Project object */;
			proxyType = 1;
			remoteGlobalIDString = B854DFC01EF7489B00984974;
			remoteInfo = LeafViewer;
		};
		B854DFDE1EF7489B00984974 /* PBXContainerItemProxy */ = {
			isa = PBXContainerItemProxy;
			containerPortal = B854DFB91EF7489B00984974 /* Project object */;
			proxyType = 1;
			remoteGlobalIDString = B854DFC01EF7489B00984974;
			remoteInfo = LeafViewer;
		};
/* End PBXContainerItemProxy section */

/* Begin PBXFileReference section */
		03753B06751CAD95439E0951 /* Pods-LeafViewerTests.release.xcconfig */ = {isa = PBXFileReference; includeInIndex = 1; lastKnownFileType = text.xcconfig; name = "Pods-LeafViewerTests.release.xcconfig"; path = "Pods/Target Support Files/Pods-LeafViewerTests/Pods-LeafViewerTests.release.xcconfig"; sourceTree = "<group>"; };
		1F0A20B4C49FC3A1247C4470 /* Pods-LeafViewerTests.debug.xcconfig */ = {isa = PBXFileReference; includeInIndex = 1; lastKnownFileType = text.xcconfig; name = "Pods-LeafViewerTests.debug.xcconfig"; path = "Pods/Target Support Files/Pods-LeafViewerTests/Pods-LeafViewerTests.debug.xcconfig"; sourceTree = "<group>"; };
		4464955E97D77F807FDF98F4 /* Pods-LeafViewerUITests.debug.xcconfig */ = {isa = PBXFileReference; includeInIndex = 1; lastKnownFileType = text.xcconfig; name = "Pods-LeafViewerUITests.debug.xcconfig"; path = "Pods/Target Support Files/Pods-LeafViewerUITests/Pods-LeafViewerUITests.debug.xcconfig"; sourceTree = "<group>"; };
		484CB2C1BB20D8078A94C13F /* Pods-LeafViewerUITests.release.xcconfig */ = {isa = PBXFileReference; includeInIndex = 1; lastKnownFileType = text.xcconfig; name = "Pods-LeafViewerUITests.release.xcconfig"; path = "Pods/Target Support Files/Pods-LeafViewerUITests/Pods-LeafViewerUITests.release.xcconfig"; sourceTree = "<group>"; };
		4E8118AE9E5E0025F9660536 /* Pods-LeafViewer.release.xcconfig */ = {isa = PBXFileReference; includeInIndex = 1; lastKnownFileType = text.xcconfig; name = "Pods-LeafViewer.release.xcconfig"; path = "Pods/Target Support Files/Pods-LeafViewer/Pods-LeafViewer.release.xcconfig"; sourceTree = "<group>"; };
		70CD781AE6589FC1C08604E4 /* Pods-LeafViewer.debug.xcconfig */ = {isa = PBXFileReference; includeInIndex = 1; lastKnownFileType = text.xcconfig; name = "Pods-LeafViewer.debug.xcconfig"; path = "Pods/Target Support Files/Pods-LeafViewer/Pods-LeafViewer.debug.xcconfig"; sourceTree = "<group>"; };
		9DADDB21AC12498B556B3252 /* Pods_LeafViewerUITests.framework */ = {isa = PBXFileReference; explicitFileType = wrapper.framework; includeInIndex = 0; path = Pods_LeafViewerUITests.framework; sourceTree = BUILT_PRODUCTS_DIR; };
		B76EA0528DECE5C24D9ECE44 /* AutomaticZoomCalculationViewSize.swift */ = {isa = PBXFileReference; fileEncoding = 4; lastKnownFileType = sourcecode.swift; path = AutomaticZoomCalculationViewSize.swift; sourceTree = "<group>"; };
		B76EA0566848A1EC26838C9E /* ImageViewController.swift */ = {isa = PBXFileReference; fileEncoding = 4; lastKnownFileType = sourcecode.swift; path = ImageViewController.swift; sourceTree = "<group>"; };
		B76EA19E0224343B2BCC6CC8 /* ImageFileSystemManager.swift */ = {isa = PBXFileReference; fileEncoding = 4; lastKnownFileType = sourcecode.swift; path = ImageFileSystemManager.swift; sourceTree = "<group>"; };
		B76EA23DDC363E462367D7AE /* ImageWindowController.swift */ = {isa = PBXFileReference; fileEncoding = 4; lastKnownFileType = sourcecode.swift; path = ImageWindowController.swift; sourceTree = "<group>"; };
		B76EA36705BEE6460B030989 /* AppDelegate.swift */ = {isa = PBXFileReference; fileEncoding = 4; lastKnownFileType = sourcecode.swift; path = AppDelegate.swift; sourceTree = "<group>"; };
		B76EA595517C80DDE9EB2DCC /* ImageFileManagerProto.swift */ = {isa = PBXFileReference; fileEncoding = 4; lastKnownFileType = sourcecode.swift; path = ImageFileManagerProto.swift; sourceTree = "<group>"; };
		B76EA5D152E7AE93D84168BA /* App.swift */ = {isa = PBXFileReference; fileEncoding = 4; lastKnownFileType = sourcecode.swift; path = App.swift; sourceTree = "<group>"; };
		B76EA6C038B7467016722AE2 /* ImageCalculationViewSize.swift */ = {isa = PBXFileReference; fileEncoding = 4; lastKnownFileType = sourcecode.swift; path = ImageCalculationViewSize.swift; sourceTree = "<group>"; };
		B76EA7569595A045EE2CE95C /* ImageZipFileManager.swift */ = {isa = PBXFileReference; fileEncoding = 4; lastKnownFileType = sourcecode.swift; path = ImageZipFileManager.swift; sourceTree = "<group>"; };
		B76EA88601818B93E1FE4A39 /* JustWindowCalculationViewSize.swift */ = {isa = PBXFileReference; fileEncoding = 4; lastKnownFileType = sourcecode.swift; path = JustWindowCalculationViewSize.swift; sourceTree = "<group>"; };
		B76EA97949447F0F3033B04C /* OriginalCalculationViewSize.swift */ = {isa = PBXFileReference; fileEncoding = 4; lastKnownFileType = sourcecode.swift; path = OriginalCalculationViewSize.swift; sourceTree = "<group>"; };
		B76EAA8D817EC46A180B5754 /* NSImageExtension.swift */ = {isa = PBXFileReference; fileEncoding = 4; lastKnownFileType = sourcecode.swift; path = NSImageExtension.swift; sourceTree = "<group>"; };
		B76EAA9FE31CDD744A3DACDD /* CenteredClipView.swift */ = {isa = PBXFileReference; fileEncoding = 4; lastKnownFileType = sourcecode.swift; path = CenteredClipView.swift; sourceTree = "<group>"; };
		B76EABB6F8949F31DAA4AC50 /* AppDelegateMenuExtension.swift */ = {isa = PBXFileReference; fileEncoding = 4; lastKnownFileType = sourcecode.swift; path = AppDelegateMenuExtension.swift; sourceTree = "<group>"; };
		B76EAC4C3F6B400EF5510DA2 /* ImageWebView.swift */ = {isa = PBXFileReference; fileEncoding = 4; lastKnownFileType = sourcecode.swift; path = ImageWebView.swift; sourceTree = "<group>"; };
		B76EACC3FF4EAC1026D26EAA /* ImageScrollView.swift */ = {isa = PBXFileReference; fileEncoding = 4; lastKnownFileType = sourcecode.swift; path = ImageScrollView.swift; sourceTree = "<group>"; };
		B76EAD0936D2723ECB124BF1 /* ImageFileManager.swift */ = {isa = PBXFileReference; fileEncoding = 4; lastKnownFileType = sourcecode.swift; path = ImageFileManager.swift; sourceTree = "<group>"; };
		B76EADDE42D010F6C4E0D134 /* ViewMode.swift */ = {isa = PBXFileReference; fileEncoding = 4; lastKnownFileType = sourcecode.swift; path = ViewMode.swift; sourceTree = "<group>"; };
		B76EAEAD21C1B87493A914B2 /* ReduceDisplayLargerScreenCalculationViewSize.swift */ = {isa = PBXFileReference; fileEncoding = 4; lastKnownFileType = sourcecode.swift; path = ReduceDisplayLargerScreenCalculationViewSize.swift; sourceTree = "<group>"; };
		B76EAFA16E09B8912048B79F /* CalculationViewSize.swift */ = {isa = PBXFileReference; fileEncoding = 4; lastKnownFileType = sourcecode.swift; path = CalculationViewSize.swift; sourceTree = "<group>"; };
		B854DFC11EF7489B00984974 /* LeafViewer.app */ = {isa = PBXFileReference; explicitFileType = wrapper.application; includeInIndex = 0; path = LeafViewer.app; sourceTree = BUILT_PRODUCTS_DIR; };
		B854DFC81EF7489B00984974 /* Assets.xcassets */ = {isa = PBXFileReference; lastKnownFileType = folder.assetcatalog; path = Assets.xcassets; sourceTree = "<group>"; };
		B854DFCB1EF7489B00984974 /* Base */ = {isa = PBXFileReference; lastKnownFileType = file.storyboard; name = Base; path = Base.lproj/Main.storyboard; sourceTree = "<group>"; };
		B854DFCD1EF7489B00984974 /* Info.plist */ = {isa = PBXFileReference; lastKnownFileType = text.plist.xml; path = Info.plist; sourceTree = "<group>"; };
		B854DFD21EF7489B00984974 /* LeafViewerTests.xctest */ = {isa = PBXFileReference; explicitFileType = wrapper.cfbundle; includeInIndex = 0; path = LeafViewerTests.xctest; sourceTree = BUILT_PRODUCTS_DIR; };
		B854DFD61EF7489B00984974 /* LeafViewerTests.swift */ = {isa = PBXFileReference; lastKnownFileType = sourcecode.swift; path = LeafViewerTests.swift; sourceTree = "<group>"; };
		B854DFD81EF7489B00984974 /* Info.plist */ = {isa = PBXFileReference; lastKnownFileType = text.plist.xml; path = Info.plist; sourceTree = "<group>"; };
		B854DFDD1EF7489B00984974 /* LeafViewerUITests.xctest */ = {isa = PBXFileReference; explicitFileType = wrapper.cfbundle; includeInIndex = 0; path = LeafViewerUITests.xctest; sourceTree = BUILT_PRODUCTS_DIR; };
		B854DFE11EF7489B00984974 /* LeafViewerUITests.swift */ = {isa = PBXFileReference; lastKnownFileType = sourcecode.swift; path = LeafViewerUITests.swift; sourceTree = "<group>"; };
		B854DFE31EF7489B00984974 /* Info.plist */ = {isa = PBXFileReference; lastKnownFileType = text.plist.xml; path = Info.plist; sourceTree = "<group>"; };
		B854E02A1EF7DDF900984974 /* Image.storyboard */ = {isa = PBXFileReference; fileEncoding = 4; lastKnownFileType = file.storyboard; path = Image.storyboard; sourceTree = "<group>"; };
		B854E02D1EFA3F1700984974 /* ImageIO.framework */ = {isa = PBXFileReference; lastKnownFileType = wrapper.framework; name = ImageIO.framework; path = System/Library/Frameworks/ImageIO.framework; sourceTree = SDKROOT; };
		B854E02F1EFA706100984974 /* WebKit.framework */ = {isa = PBXFileReference; lastKnownFileType = wrapper.framework; name = WebKit.framework; path = System/Library/Frameworks/WebKit.framework; sourceTree = SDKROOT; };
		BCCB26DBA40FE5DF45A52F8F /* Pods_LeafViewerTests.framework */ = {isa = PBXFileReference; explicitFileType = wrapper.framework; includeInIndex = 0; path = Pods_LeafViewerTests.framework; sourceTree = BUILT_PRODUCTS_DIR; };
		E673C00D458847D68A7386D4 /* Pods_LeafViewer.framework */ = {isa = PBXFileReference; explicitFileType = wrapper.framework; includeInIndex = 0; path = Pods_LeafViewer.framework; sourceTree = BUILT_PRODUCTS_DIR; };
/* End PBXFileReference section */

/* Begin PBXFrameworksBuildPhase section */
		B854DFBE1EF7489B00984974 /* Frameworks */ = {
			isa = PBXFrameworksBuildPhase;
			buildActionMask = 2147483647;
			files = (
				B854E0301EFA706100984974 /* WebKit.framework in Frameworks */,
				B854E02E1EFA3F1700984974 /* ImageIO.framework in Frameworks */,
				F9A213A8E850D940E533A61E /* Pods_LeafViewer.framework in Frameworks */,
			);
			runOnlyForDeploymentPostprocessing = 0;
		};
		B854DFCF1EF7489B00984974 /* Frameworks */ = {
			isa = PBXFrameworksBuildPhase;
			buildActionMask = 2147483647;
			files = (
				150B54CFD5E7D35A487FC3A4 /* Pods_LeafViewerTests.framework in Frameworks */,
			);
			runOnlyForDeploymentPostprocessing = 0;
		};
		B854DFDA1EF7489B00984974 /* Frameworks */ = {
			isa = PBXFrameworksBuildPhase;
			buildActionMask = 2147483647;
			files = (
				1A9B61F9D9376F07C02D414C /* Pods_LeafViewerUITests.framework in Frameworks */,
			);
			runOnlyForDeploymentPostprocessing = 0;
		};
/* End PBXFrameworksBuildPhase section */

/* Begin PBXGroup section */
		4D719166798018AB354ED85F /* Pods */ = {
			isa = PBXGroup;
			children = (
				70CD781AE6589FC1C08604E4 /* Pods-LeafViewer.debug.xcconfig */,
				4E8118AE9E5E0025F9660536 /* Pods-LeafViewer.release.xcconfig */,
				1F0A20B4C49FC3A1247C4470 /* Pods-LeafViewerTests.debug.xcconfig */,
				03753B06751CAD95439E0951 /* Pods-LeafViewerTests.release.xcconfig */,
				4464955E97D77F807FDF98F4 /* Pods-LeafViewerUITests.debug.xcconfig */,
				484CB2C1BB20D8078A94C13F /* Pods-LeafViewerUITests.release.xcconfig */,
			);
			name = Pods;
			sourceTree = "<group>";
		};
		B76EA8F52DC61252EFDAC064 /* ViewMode */ = {
			isa = PBXGroup;
			children = (
				B76EAFA16E09B8912048B79F /* CalculationViewSize.swift */,
				B76EADDE42D010F6C4E0D134 /* ViewMode.swift */,
				B76EA0528DECE5C24D9ECE44 /* AutomaticZoomCalculationViewSize.swift */,
				B76EA97949447F0F3033B04C /* OriginalCalculationViewSize.swift */,
				B76EA88601818B93E1FE4A39 /* JustWindowCalculationViewSize.swift */,
				B76EAEAD21C1B87493A914B2 /* ReduceDisplayLargerScreenCalculationViewSize.swift */,
				B76EA6C038B7467016722AE2 /* ImageCalculationViewSize.swift */,
			);
			path = ViewMode;
			sourceTree = "<group>";
		};
		B76EAF216D25C316ABEA72D8 /* ImageFileManager */ = {
			isa = PBXGroup;
			children = (
				B76EAD0936D2723ECB124BF1 /* ImageFileManager.swift */,
				B76EA19E0224343B2BCC6CC8 /* ImageFileSystemManager.swift */,
				B76EA595517C80DDE9EB2DCC /* ImageFileManagerProto.swift */,
				B76EA7569595A045EE2CE95C /* ImageZipFileManager.swift */,
			);
			path = ImageFileManager;
			sourceTree = "<group>";
		};
		B76EAFDE38504901D0E089AA /* classes */ = {
			isa = PBXGroup;
			children = (
				B76EAF216D25C316ABEA72D8 /* ImageFileManager */,
				B76EA8F52DC61252EFDAC064 /* ViewMode */,
				B76EA0566848A1EC26838C9E /* ImageViewController.swift */,
				B76EA23DDC363E462367D7AE /* ImageWindowController.swift */,
				B76EAA9FE31CDD744A3DACDD /* CenteredClipView.swift */,
				B76EAA8D817EC46A180B5754 /* NSImageExtension.swift */,
				B76EAC4C3F6B400EF5510DA2 /* ImageWebView.swift */,
				B76EACC3FF4EAC1026D26EAA /* ImageScrollView.swift */,
				B76EA5D152E7AE93D84168BA /* App.swift */,
				B76EABB6F8949F31DAA4AC50 /* AppDelegateMenuExtension.swift */,
				B76EA36705BEE6460B030989 /* AppDelegate.swift */,
			);
			path = classes;
			sourceTree = "<group>";
		};
		B854DFB81EF7489B00984974 = {
			isa = PBXGroup;
			children = (
				B854DFC31EF7489B00984974 /* LeafViewer */,
				B854DFD51EF7489B00984974 /* LeafViewerTests */,
				B854DFE01EF7489B00984974 /* LeafViewerUITests */,
				B854DFC21EF7489B00984974 /* Products */,
				B854E02C1EFA3F1600984974 /* Frameworks */,
				4D719166798018AB354ED85F /* Pods */,
			);
			sourceTree = "<group>";
		};
		B854DFC21EF7489B00984974 /* Products */ = {
			isa = PBXGroup;
			children = (
				B854DFC11EF7489B00984974 /* LeafViewer.app */,
				B854DFD21EF7489B00984974 /* LeafViewerTests.xctest */,
				B854DFDD1EF7489B00984974 /* LeafViewerUITests.xctest */,
			);
			name = Products;
			sourceTree = "<group>";
		};
		B854DFC31EF7489B00984974 /* LeafViewer */ = {
			isa = PBXGroup;
			children = (
				B854DFC81EF7489B00984974 /* Assets.xcassets */,
				B854DFCA1EF7489B00984974 /* Main.storyboard */,
				B854E02A1EF7DDF900984974 /* Image.storyboard */,
				B854DFCD1EF7489B00984974 /* Info.plist */,
				B76EAFDE38504901D0E089AA /* classes */,
			);
			path = LeafViewer;
			sourceTree = "<group>";
		};
		B854DFD51EF7489B00984974 /* LeafViewerTests */ = {
			isa = PBXGroup;
			children = (
				B854DFD61EF7489B00984974 /* LeafViewerTests.swift */,
				B854DFD81EF7489B00984974 /* Info.plist */,
			);
			path = LeafViewerTests;
			sourceTree = "<group>";
		};
		B854DFE01EF7489B00984974 /* LeafViewerUITests */ = {
			isa = PBXGroup;
			children = (
				B854DFE11EF7489B00984974 /* LeafViewerUITests.swift */,
				B854DFE31EF7489B00984974 /* Info.plist */,
			);
			path = LeafViewerUITests;
			sourceTree = "<group>";
		};
		B854E02C1EFA3F1600984974 /* Frameworks */ = {
			isa = PBXGroup;
			children = (
				B854E02F1EFA706100984974 /* WebKit.framework */,
				B854E02D1EFA3F1700984974 /* ImageIO.framework */,
				E673C00D458847D68A7386D4 /* Pods_LeafViewer.framework */,
				BCCB26DBA40FE5DF45A52F8F /* Pods_LeafViewerTests.framework */,
				9DADDB21AC12498B556B3252 /* Pods_LeafViewerUITests.framework */,
			);
			name = Frameworks;
			sourceTree = "<group>";
		};
/* End PBXGroup section */

/* Begin PBXNativeTarget section */
		B854DFC01EF7489B00984974 /* LeafViewer */ = {
			isa = PBXNativeTarget;
			buildConfigurationList = B854DFE61EF7489B00984974 /* Build configuration list for PBXNativeTarget "LeafViewer" */;
			buildPhases = (
				ADD145D447C03325D2418B85 /* [CP] Check Pods Manifest.lock */,
				B854DFBD1EF7489B00984974 /* Sources */,
				B854DFBE1EF7489B00984974 /* Frameworks */,
				B854DFBF1EF7489B00984974 /* Resources */,
				D60665AAB32811B1CE51C443 /* [CP] Embed Pods Frameworks */,
				221BFC2CBA2A2C9E50229AC1 /* [CP] Copy Pods Resources */,
			);
			buildRules = (
			);
			dependencies = (
			);
			name = LeafViewer;
			productName = LeafViewer;
			productReference = B854DFC11EF7489B00984974 /* LeafViewer.app */;
			productType = "com.apple.product-type.application";
		};
		B854DFD11EF7489B00984974 /* LeafViewerTests */ = {
			isa = PBXNativeTarget;
			buildConfigurationList = B854DFE91EF7489B00984974 /* Build configuration list for PBXNativeTarget "LeafViewerTests" */;
			buildPhases = (
				76CDC6BE3390C728E5340077 /* [CP] Check Pods Manifest.lock */,
				B854DFCE1EF7489B00984974 /* Sources */,
				B854DFCF1EF7489B00984974 /* Frameworks */,
				B854DFD01EF7489B00984974 /* Resources */,
				F618D54682B564105365C597 /* [CP] Embed Pods Frameworks */,
				6ED150D971AA772A7CDDC817 /* [CP] Copy Pods Resources */,
			);
			buildRules = (
			);
			dependencies = (
				B854DFD41EF7489B00984974 /* PBXTargetDependency */,
			);
			name = LeafViewerTests;
			productName = LeafViewerTests;
			productReference = B854DFD21EF7489B00984974 /* LeafViewerTests.xctest */;
			productType = "com.apple.product-type.bundle.unit-test";
		};
		B854DFDC1EF7489B00984974 /* LeafViewerUITests */ = {
			isa = PBXNativeTarget;
			buildConfigurationList = B854DFEC1EF7489B00984974 /* Build configuration list for PBXNativeTarget "LeafViewerUITests" */;
			buildPhases = (
				57DA5D176DBECF7B75949ECD /* [CP] Check Pods Manifest.lock */,
				B854DFD91EF7489B00984974 /* Sources */,
				B854DFDA1EF7489B00984974 /* Frameworks */,
				B854DFDB1EF7489B00984974 /* Resources */,
				1E950879FC4365865D3320A5 /* [CP] Embed Pods Frameworks */,
				14495E436A147EFC188ED540 /* [CP] Copy Pods Resources */,
			);
			buildRules = (
			);
			dependencies = (
				B854DFDF1EF7489B00984974 /* PBXTargetDependency */,
			);
			name = LeafViewerUITests;
			productName = LeafViewerUITests;
			productReference = B854DFDD1EF7489B00984974 /* LeafViewerUITests.xctest */;
			productType = "com.apple.product-type.bundle.ui-testing";
		};
/* End PBXNativeTarget section */

/* Begin PBXProject section */
		B854DFB91EF7489B00984974 /* Project object */ = {
			isa = PBXProject;
			attributes = {
				LastSwiftUpdateCheck = 0830;
				LastUpgradeCheck = 0830;
				ORGANIZATIONNAME = hideki;
				TargetAttributes = {
					B854DFC01EF7489B00984974 = {
						CreatedOnToolsVersion = 8.3.3;
						ProvisioningStyle = Automatic;
					};
					B854DFD11EF7489B00984974 = {
						CreatedOnToolsVersion = 8.3.3;
						ProvisioningStyle = Automatic;
						TestTargetID = B854DFC01EF7489B00984974;
					};
					B854DFDC1EF7489B00984974 = {
						CreatedOnToolsVersion = 8.3.3;
						ProvisioningStyle = Automatic;
						TestTargetID = B854DFC01EF7489B00984974;
					};
				};
			};
			buildConfigurationList = B854DFBC1EF7489B00984974 /* Build configuration list for PBXProject "LeafViewer" */;
			compatibilityVersion = "Xcode 3.2";
			developmentRegion = English;
			hasScannedForEncodings = 0;
			knownRegions = (
				en,
				Base,
			);
			mainGroup = B854DFB81EF7489B00984974;
			productRefGroup = B854DFC21EF7489B00984974 /* Products */;
			projectDirPath = "";
			projectRoot = "";
			targets = (
				B854DFC01EF7489B00984974 /* LeafViewer */,
				B854DFD11EF7489B00984974 /* LeafViewerTests */,
				B854DFDC1EF7489B00984974 /* LeafViewerUITests */,
			);
		};
/* End PBXProject section */

/* Begin PBXResourcesBuildPhase section */
		B854DFBF1EF7489B00984974 /* Resources */ = {
			isa = PBXResourcesBuildPhase;
			buildActionMask = 2147483647;
			files = (
				B854DFC91EF7489B00984974 /* Assets.xcassets in Resources */,
				B854DFCC1EF7489B00984974 /* Main.storyboard in Resources */,
				B854E02B1EF7DDF900984974 /* Image.storyboard in Resources */,
			);
			runOnlyForDeploymentPostprocessing = 0;
		};
		B854DFD01EF7489B00984974 /* Resources */ = {
			isa = PBXResourcesBuildPhase;
			buildActionMask = 2147483647;
			files = (
			);
			runOnlyForDeploymentPostprocessing = 0;
		};
		B854DFDB1EF7489B00984974 /* Resources */ = {
			isa = PBXResourcesBuildPhase;
			buildActionMask = 2147483647;
			files = (
			);
			runOnlyForDeploymentPostprocessing = 0;
		};
/* End PBXResourcesBuildPhase section */

/* Begin PBXShellScriptBuildPhase section */
		14495E436A147EFC188ED540 /* [CP] Copy Pods Resources */ = {
			isa = PBXShellScriptBuildPhase;
			buildActionMask = 2147483647;
			files = (
			);
			inputPaths = (
			);
			name = "[CP] Copy Pods Resources";
			outputPaths = (
			);
			runOnlyForDeploymentPostprocessing = 0;
			shellPath = /bin/sh;
			shellScript = "\"${SRCROOT}/Pods/Target Support Files/Pods-LeafViewerUITests/Pods-LeafViewerUITests-resources.sh\"\n";
			showEnvVarsInLog = 0;
		};
		1E950879FC4365865D3320A5 /* [CP] Embed Pods Frameworks */ = {
			isa = PBXShellScriptBuildPhase;
			buildActionMask = 2147483647;
			files = (
			);
			inputPaths = (
			);
			name = "[CP] Embed Pods Frameworks";
			outputPaths = (
			);
			runOnlyForDeploymentPostprocessing = 0;
			shellPath = /bin/sh;
			shellScript = "\"${SRCROOT}/Pods/Target Support Files/Pods-LeafViewerUITests/Pods-LeafViewerUITests-frameworks.sh\"\n";
			showEnvVarsInLog = 0;
		};
		221BFC2CBA2A2C9E50229AC1 /* [CP] Copy Pods Resources */ = {
			isa = PBXShellScriptBuildPhase;
			buildActionMask = 2147483647;
			files = (
			);
			inputPaths = (
			);
			name = "[CP] Copy Pods Resources";
			outputPaths = (
			);
			runOnlyForDeploymentPostprocessing = 0;
			shellPath = /bin/sh;
			shellScript = "\"${SRCROOT}/Pods/Target Support Files/Pods-LeafViewer/Pods-LeafViewer-resources.sh\"\n";
			showEnvVarsInLog = 0;
		};
		57DA5D176DBECF7B75949ECD /* [CP] Check Pods Manifest.lock */ = {
			isa = PBXShellScriptBuildPhase;
			buildActionMask = 2147483647;
			files = (
			);
			inputPaths = (
				"${PODS_PODFILE_DIR_PATH}/Podfile.lock",
				"${PODS_ROOT}/Manifest.lock",
			);
			name = "[CP] Check Pods Manifest.lock";
			outputPaths = (
				"$(DERIVED_FILE_DIR)/Pods-LeafViewerUITests-checkManifestLockResult.txt",
			);
			runOnlyForDeploymentPostprocessing = 0;
			shellPath = /bin/sh;
			shellScript = "diff \"${PODS_PODFILE_DIR_PATH}/Podfile.lock\" \"${PODS_ROOT}/Manifest.lock\" > /dev/null\nif [ $? != 0 ] ; then\n    # print error to STDERR\n    echo \"error: The sandbox is not in sync with the Podfile.lock. Run 'pod install' or update your CocoaPods installation.\" >&2\n    exit 1\nfi\n# This output is used by Xcode 'outputs' to avoid re-running this script phase.\necho \"SUCCESS\" > \"${SCRIPT_OUTPUT_FILE_0}\"\n";
			showEnvVarsInLog = 0;
		};
		6ED150D971AA772A7CDDC817 /* [CP] Copy Pods Resources */ = {
			isa = PBXShellScriptBuildPhase;
			buildActionMask = 2147483647;
			files = (
			);
			inputPaths = (
			);
			name = "[CP] Copy Pods Resources";
			outputPaths = (
			);
			runOnlyForDeploymentPostprocessing = 0;
			shellPath = /bin/sh;
			shellScript = "\"${SRCROOT}/Pods/Target Support Files/Pods-LeafViewerTests/Pods-LeafViewerTests-resources.sh\"\n";
			showEnvVarsInLog = 0;
		};
		76CDC6BE3390C728E5340077 /* [CP] Check Pods Manifest.lock */ = {
			isa = PBXShellScriptBuildPhase;
			buildActionMask = 2147483647;
			files = (
			);
			inputPaths = (
				"${PODS_PODFILE_DIR_PATH}/Podfile.lock",
				"${PODS_ROOT}/Manifest.lock",
			);
			name = "[CP] Check Pods Manifest.lock";
			outputPaths = (
				"$(DERIVED_FILE_DIR)/Pods-LeafViewerTests-checkManifestLockResult.txt",
			);
			runOnlyForDeploymentPostprocessing = 0;
			shellPath = /bin/sh;
			shellScript = "diff \"${PODS_PODFILE_DIR_PATH}/Podfile.lock\" \"${PODS_ROOT}/Manifest.lock\" > /dev/null\nif [ $? != 0 ] ; then\n    # print error to STDERR\n    echo \"error: The sandbox is not in sync with the Podfile.lock. Run 'pod install' or update your CocoaPods installation.\" >&2\n    exit 1\nfi\n# This output is used by Xcode 'outputs' to avoid re-running this script phase.\necho \"SUCCESS\" > \"${SCRIPT_OUTPUT_FILE_0}\"\n";
			showEnvVarsInLog = 0;
		};
		ADD145D447C03325D2418B85 /* [CP] Check Pods Manifest.lock */ = {
			isa = PBXShellScriptBuildPhase;
			buildActionMask = 2147483647;
			files = (
			);
			inputPaths = (
				"${PODS_PODFILE_DIR_PATH}/Podfile.lock",
				"${PODS_ROOT}/Manifest.lock",
			);
			name = "[CP] Check Pods Manifest.lock";
			outputPaths = (
				"$(DERIVED_FILE_DIR)/Pods-LeafViewer-checkManifestLockResult.txt",
			);
			runOnlyForDeploymentPostprocessing = 0;
			shellPath = /bin/sh;
			shellScript = "diff \"${PODS_PODFILE_DIR_PATH}/Podfile.lock\" \"${PODS_ROOT}/Manifest.lock\" > /dev/null\nif [ $? != 0 ] ; then\n    # print error to STDERR\n    echo \"error: The sandbox is not in sync with the Podfile.lock. Run 'pod install' or update your CocoaPods installation.\" >&2\n    exit 1\nfi\n# This output is used by Xcode 'outputs' to avoid re-running this script phase.\necho \"SUCCESS\" > \"${SCRIPT_OUTPUT_FILE_0}\"\n";
			showEnvVarsInLog = 0;
		};
		D60665AAB32811B1CE51C443 /* [CP] Embed Pods Frameworks */ = {
			isa = PBXShellScriptBuildPhase;
			buildActionMask = 2147483647;
			files = (
			);
			inputPaths = (
				"${SRCROOT}/Pods/Target Support Files/Pods-LeafViewer/Pods-LeafViewer-frameworks.sh",
				"${BUILT_PRODUCTS_DIR}/ZipUtilities/ZipUtilities.framework",
			);
			name = "[CP] Embed Pods Frameworks";
			outputPaths = (
				"${TARGET_BUILD_DIR}/${FRAMEWORKS_FOLDER_PATH}/ZipUtilities.framework",
			);
			runOnlyForDeploymentPostprocessing = 0;
			shellPath = /bin/sh;
			shellScript = "\"${SRCROOT}/Pods/Target Support Files/Pods-LeafViewer/Pods-LeafViewer-frameworks.sh\"\n";
			showEnvVarsInLog = 0;
		};
		F618D54682B564105365C597 /* [CP] Embed Pods Frameworks */ = {
			isa = PBXShellScriptBuildPhase;
			buildActionMask = 2147483647;
			files = (
			);
			inputPaths = (
			);
			name = "[CP] Embed Pods Frameworks";
			outputPaths = (
			);
			runOnlyForDeploymentPostprocessing = 0;
			shellPath = /bin/sh;
			shellScript = "\"${SRCROOT}/Pods/Target Support Files/Pods-LeafViewerTests/Pods-LeafViewerTests-frameworks.sh\"\n";
			showEnvVarsInLog = 0;
		};
/* End PBXShellScriptBuildPhase section */

/* Begin PBXSourcesBuildPhase section */
		B854DFBD1EF7489B00984974 /* Sources */ = {
			isa = PBXSourcesBuildPhase;
			buildActionMask = 2147483647;
			files = (
				B76EA7786C6F84C4FCC29C18 /* ImageFileManager.swift in Sources */,
				B76EA02D552ACC1FBEB1E3BA /* ImageFileSystemManager.swift in Sources */,
				B76EA124D426940A4195EC61 /* ImageFileManagerProto.swift in Sources */,
				B76EA6A51550441F695ED361 /* ImageViewController.swift in Sources */,
				B76EA4CE8A184FFCB616F107 /* ImageWindowController.swift in Sources */,
				B76EA6125809C10B319BC6F5 /* CenteredClipView.swift in Sources */,
				B76EA9365730B038EB666079 /* NSImageExtension.swift in Sources */,
				B76EA623D8D0862634007156 /* ImageWebView.swift in Sources */,
				B76EA28CDD6104250FCF4DED /* ImageScrollView.swift in Sources */,
				B76EAFCEF324410FCEE5DF2C /* CalculationViewSize.swift in Sources */,
				B76EA180E4338077CD97D5D0 /* ViewMode.swift in Sources */,
				B76EA3FC0D74D8C45CFD4264 /* AutomaticZoomCalculationViewSize.swift in Sources */,
				B76EABE5D06310C2BF18B232 /* OriginalCalculationViewSize.swift in Sources */,
				B76EA219EF7C1D6073BF232D /* JustWindowCalculationViewSize.swift in Sources */,
				B76EAC16A205E0EFFBDB3B70 /* ReduceDisplayLargerScreenCalculationViewSize.swift in Sources */,
				B76EA9FA7AEAC20FE020948D /* ImageCalculationViewSize.swift in Sources */,
				B76EA75CC62FE5E421DE38D1 /* App.swift in Sources */,
				B76EA5E4DCCB0914AD5B849B /* AppDelegateMenuExtension.swift in Sources */,
				B76EAC856B5CBF31AAA73BC7 /* AppDelegate.swift in Sources */,
				B76EA9D565E4A81A68C43F7E /* ImageZipFileManager.swift in Sources */,
			);
			runOnlyForDeploymentPostprocessing = 0;
		};
		B854DFCE1EF7489B00984974 /* Sources */ = {
			isa = PBXSourcesBuildPhase;
			buildActionMask = 2147483647;
			files = (
				B854DFD71EF7489B00984974 /* LeafViewerTests.swift in Sources */,
			);
			runOnlyForDeploymentPostprocessing = 0;
		};
		B854DFD91EF7489B00984974 /* Sources */ = {
			isa = PBXSourcesBuildPhase;
			buildActionMask = 2147483647;
			files = (
				B854DFE21EF7489B00984974 /* LeafViewerUITests.swift in Sources */,
			);
			runOnlyForDeploymentPostprocessing = 0;
		};
/* End PBXSourcesBuildPhase section */

/* Begin PBXTargetDependency section */
		B854DFD41EF7489B00984974 /* PBXTargetDependency */ = {
			isa = PBXTargetDependency;
			target = B854DFC01EF7489B00984974 /* LeafViewer */;
			targetProxy = B854DFD31EF7489B00984974 /* PBXContainerItemProxy */;
		};
		B854DFDF1EF7489B00984974 /* PBXTargetDependency */ = {
			isa = PBXTargetDependency;
			target = B854DFC01EF7489B00984974 /* LeafViewer */;
			targetProxy = B854DFDE1EF7489B00984974 /* PBXContainerItemProxy */;
		};
/* End PBXTargetDependency section */

/* Begin PBXVariantGroup section */
		B854DFCA1EF7489B00984974 /* Main.storyboard */ = {
			isa = PBXVariantGroup;
			children = (
				B854DFCB1EF7489B00984974 /* Base */,
			);
			name = Main.storyboard;
			sourceTree = "<group>";
		};
/* End PBXVariantGroup section */

/* Begin XCBuildConfiguration section */
		B854DFE41EF7489B00984974 /* Debug */ = {
			isa = XCBuildConfiguration;
			buildSettings = {
				ALWAYS_SEARCH_USER_PATHS = NO;
				CLANG_ANALYZER_NONNULL = YES;
				CLANG_ANALYZER_NUMBER_OBJECT_CONVERSION = YES_AGGRESSIVE;
				CLANG_CXX_LANGUAGE_STANDARD = "gnu++0x";
				CLANG_CXX_LIBRARY = "libc++";
				CLANG_ENABLE_MODULES = YES;
				CLANG_ENABLE_OBJC_ARC = YES;
				CLANG_WARN_BOOL_CONVERSION = YES;
				CLANG_WARN_CONSTANT_CONVERSION = YES;
				CLANG_WARN_DIRECT_OBJC_ISA_USAGE = YES_ERROR;
				CLANG_WARN_DOCUMENTATION_COMMENTS = YES;
				CLANG_WARN_EMPTY_BODY = YES;
				CLANG_WARN_ENUM_CONVERSION = YES;
				CLANG_WARN_INFINITE_RECURSION = YES;
				CLANG_WARN_INT_CONVERSION = YES;
				CLANG_WARN_OBJC_ROOT_CLASS = YES_ERROR;
				CLANG_WARN_SUSPICIOUS_MOVE = YES;
				CLANG_WARN_UNREACHABLE_CODE = YES;
				CLANG_WARN__DUPLICATE_METHOD_MATCH = YES;
				CODE_SIGN_IDENTITY = "-";
				COPY_PHASE_STRIP = NO;
				DEBUG_INFORMATION_FORMAT = dwarf;
				ENABLE_STRICT_OBJC_MSGSEND = YES;
				ENABLE_TESTABILITY = YES;
				GCC_C_LANGUAGE_STANDARD = gnu99;
				GCC_DYNAMIC_NO_PIC = NO;
				GCC_NO_COMMON_BLOCKS = YES;
				GCC_OPTIMIZATION_LEVEL = 0;
				GCC_PREPROCESSOR_DEFINITIONS = (
					"DEBUG=1",
					"$(inherited)",
				);
				GCC_WARN_64_TO_32_BIT_CONVERSION = YES;
				GCC_WARN_ABOUT_RETURN_TYPE = YES_ERROR;
				GCC_WARN_UNDECLARED_SELECTOR = YES;
				GCC_WARN_UNINITIALIZED_AUTOS = YES_AGGRESSIVE;
				GCC_WARN_UNUSED_FUNCTION = YES;
				GCC_WARN_UNUSED_VARIABLE = YES;
				MACOSX_DEPLOYMENT_TARGET = 10.12;
				MTL_ENABLE_DEBUG_INFO = YES;
				ONLY_ACTIVE_ARCH = YES;
				SDKROOT = macosx;
				SWIFT_ACTIVE_COMPILATION_CONDITIONS = DEBUG;
				SWIFT_OPTIMIZATION_LEVEL = "-Onone";
			};
			name = Debug;
		};
		B854DFE51EF7489B00984974 /* Release */ = {
			isa = XCBuildConfiguration;
			buildSettings = {
				ALWAYS_SEARCH_USER_PATHS = NO;
				CLANG_ANALYZER_NONNULL = YES;
				CLANG_ANALYZER_NUMBER_OBJECT_CONVERSION = YES_AGGRESSIVE;
				CLANG_CXX_LANGUAGE_STANDARD = "gnu++0x";
				CLANG_CXX_LIBRARY = "libc++";
				CLANG_ENABLE_MODULES = YES;
				CLANG_ENABLE_OBJC_ARC = YES;
				CLANG_WARN_BOOL_CONVERSION = YES;
				CLANG_WARN_CONSTANT_CONVERSION = YES;
				CLANG_WARN_DIRECT_OBJC_ISA_USAGE = YES_ERROR;
				CLANG_WARN_DOCUMENTATION_COMMENTS = YES;
				CLANG_WARN_EMPTY_BODY = YES;
				CLANG_WARN_ENUM_CONVERSION = YES;
				CLANG_WARN_INFINITE_RECURSION = YES;
				CLANG_WARN_INT_CONVERSION = YES;
				CLANG_WARN_OBJC_ROOT_CLASS = YES_ERROR;
				CLANG_WARN_SUSPICIOUS_MOVE = YES;
				CLANG_WARN_UNREACHABLE_CODE = YES;
				CLANG_WARN__DUPLICATE_METHOD_MATCH = YES;
				CODE_SIGN_IDENTITY = "-";
				COPY_PHASE_STRIP = NO;
				DEBUG_INFORMATION_FORMAT = "dwarf-with-dsym";
				ENABLE_NS_ASSERTIONS = NO;
				ENABLE_STRICT_OBJC_MSGSEND = YES;
				GCC_C_LANGUAGE_STANDARD = gnu99;
				GCC_NO_COMMON_BLOCKS = YES;
				GCC_WARN_64_TO_32_BIT_CONVERSION = YES;
				GCC_WARN_ABOUT_RETURN_TYPE = YES_ERROR;
				GCC_WARN_UNDECLARED_SELECTOR = YES;
				GCC_WARN_UNINITIALIZED_AUTOS = YES_AGGRESSIVE;
				GCC_WARN_UNUSED_FUNCTION = YES;
				GCC_WARN_UNUSED_VARIABLE = YES;
				MACOSX_DEPLOYMENT_TARGET = 10.12;
				MTL_ENABLE_DEBUG_INFO = NO;
				SDKROOT = macosx;
				SWIFT_OPTIMIZATION_LEVEL = "-Owholemodule";
			};
			name = Release;
		};
		B854DFE71EF7489B00984974 /* Debug */ = {
			isa = XCBuildConfiguration;
			baseConfigurationReference = 70CD781AE6589FC1C08604E4 /* Pods-LeafViewer.debug.xcconfig */;
			buildSettings = {
				ASSETCATALOG_COMPILER_APPICON_NAME = AppIcon;
				COMBINE_HIDPI_IMAGES = YES;
				INFOPLIST_FILE = LeafViewer/Info.plist;
				LD_RUNPATH_SEARCH_PATHS = "$(inherited) @executable_path/../Frameworks";
				MACOSX_DEPLOYMENT_TARGET = 10.12;
				PRODUCT_BUNDLE_IDENTIFIER = com.nasust.LeafViewer;
				PRODUCT_NAME = "$(TARGET_NAME)";
				SWIFT_VERSION = 3.0;
			};
			name = Debug;
		};
		B854DFE81EF7489B00984974 /* Release */ = {
			isa = XCBuildConfiguration;
			baseConfigurationReference = 4E8118AE9E5E0025F9660536 /* Pods-LeafViewer.release.xcconfig */;
			buildSettings = {
				ASSETCATALOG_COMPILER_APPICON_NAME = AppIcon;
				COMBINE_HIDPI_IMAGES = YES;
				INFOPLIST_FILE = LeafViewer/Info.plist;
				LD_RUNPATH_SEARCH_PATHS = "$(inherited) @executable_path/../Frameworks";
				MACOSX_DEPLOYMENT_TARGET = 10.12;
				PRODUCT_BUNDLE_IDENTIFIER = com.nasust.LeafViewer;
				PRODUCT_NAME = "$(TARGET_NAME)";
				SWIFT_VERSION = 3.0;
			};
			name = Release;
		};
		B854DFEA1EF7489B00984974 /* Debug */ = {
			isa = XCBuildConfiguration;
			baseConfigurationReference = 1F0A20B4C49FC3A1247C4470 /* Pods-LeafViewerTests.debug.xcconfig */;
			buildSettings = {
				ALWAYS_EMBED_SWIFT_STANDARD_LIBRARIES = YES;
				BUNDLE_LOADER = "$(TEST_HOST)";
				COMBINE_HIDPI_IMAGES = YES;
				INFOPLIST_FILE = LeafViewerTests/Info.plist;
				LD_RUNPATH_SEARCH_PATHS = "$(inherited) @executable_path/../Frameworks @loader_path/../Frameworks";
				PRODUCT_BUNDLE_IDENTIFIER = com.nasust.LeafViewerTests;
				PRODUCT_NAME = "$(TARGET_NAME)";
				SWIFT_VERSION = 3.0;
				TEST_HOST = "$(BUILT_PRODUCTS_DIR)/LeafViewer.app/Contents/MacOS/LeafViewer";
			};
			name = Debug;
		};
		B854DFEB1EF7489B00984974 /* Release */ = {
			isa = XCBuildConfiguration;
			baseConfigurationReference = 03753B06751CAD95439E0951 /* Pods-LeafViewerTests.release.xcconfig */;
			buildSettings = {
				ALWAYS_EMBED_SWIFT_STANDARD_LIBRARIES = YES;
				BUNDLE_LOADER = "$(TEST_HOST)";
				COMBINE_HIDPI_IMAGES = YES;
				INFOPLIST_FILE = LeafViewerTests/Info.plist;
				LD_RUNPATH_SEARCH_PATHS = "$(inherited) @executable_path/../Frameworks @loader_path/../Frameworks";
				PRODUCT_BUNDLE_IDENTIFIER = com.nasust.LeafViewerTests;
				PRODUCT_NAME = "$(TARGET_NAME)";
				SWIFT_VERSION = 3.0;
				TEST_HOST = "$(BUILT_PRODUCTS_DIR)/LeafViewer.app/Contents/MacOS/LeafViewer";
			};
			name = Release;
		};
		B854DFED1EF7489B00984974 /* Debug */ = {
			isa = XCBuildConfiguration;
			baseConfigurationReference = 4464955E97D77F807FDF98F4 /* Pods-LeafViewerUITests.debug.xcconfig */;
			buildSettings = {
				ALWAYS_EMBED_SWIFT_STANDARD_LIBRARIES = YES;
				COMBINE_HIDPI_IMAGES = YES;
				INFOPLIST_FILE = LeafViewerUITests/Info.plist;
				LD_RUNPATH_SEARCH_PATHS = "$(inherited) @executable_path/../Frameworks @loader_path/../Frameworks";
				PRODUCT_BUNDLE_IDENTIFIER = com.nasust.LeafViewerUITests;
				PRODUCT_NAME = "$(TARGET_NAME)";
				SWIFT_VERSION = 3.0;
				TEST_TARGET_NAME = LeafViewer;
			};
			name = Debug;
		};
		B854DFEE1EF7489B00984974 /* Release */ = {
			isa = XCBuildConfiguration;
			baseConfigurationReference = 484CB2C1BB20D8078A94C13F /* Pods-LeafViewerUITests.release.xcconfig */;
			buildSettings = {
				ALWAYS_EMBED_SWIFT_STANDARD_LIBRARIES = YES;
				COMBINE_HIDPI_IMAGES = YES;
				INFOPLIST_FILE = LeafViewerUITests/Info.plist;
				LD_RUNPATH_SEARCH_PATHS = "$(inherited) @executable_path/../Frameworks @loader_path/../Frameworks";
				PRODUCT_BUNDLE_IDENTIFIER = com.nasust.LeafViewerUITests;
				PRODUCT_NAME = "$(TARGET_NAME)";
				SWIFT_VERSION = 3.0;
				TEST_TARGET_NAME = LeafViewer;
			};
			name = Release;
		};
/* End XCBuildConfiguration section */

/* Begin XCConfigurationList section */
		B854DFBC1EF7489B00984974 /* Build configuration list for PBXProject "LeafViewer" */ = {
			isa = XCConfigurationList;
			buildConfigurations = (
				B854DFE41EF7489B00984974 /* Debug */,
				B854DFE51EF7489B00984974 /* Release */,
			);
			defaultConfigurationIsVisible = 0;
			defaultConfigurationName = Release;
		};
		B854DFE61EF7489B00984974 /* Build configuration list for PBXNativeTarget "LeafViewer" */ = {
			isa = XCConfigurationList;
			buildConfigurations = (
				B854DFE71EF7489B00984974 /* Debug */,
				B854DFE81EF7489B00984974 /* Release */,
			);
			defaultConfigurationIsVisible = 0;
			defaultConfigurationName = Release;
		};
		B854DFE91EF7489B00984974 /* Build configuration list for PBXNativeTarget "LeafViewerTests" */ = {
			isa = XCConfigurationList;
			buildConfigurations = (
				B854DFEA1EF7489B00984974 /* Debug */,
				B854DFEB1EF7489B00984974 /* Release */,
			);
			defaultConfigurationIsVisible = 0;
			defaultConfigurationName = Release;
		};
		B854DFEC1EF7489B00984974 /* Build configuration list for PBXNativeTarget "LeafViewerUITests" */ = {
			isa = XCConfigurationList;
			buildConfigurations = (
				B854DFED1EF7489B00984974 /* Debug */,
				B854DFEE1EF7489B00984974 /* Release */,
			);
			defaultConfigurationIsVisible = 0;
			defaultConfigurationName = Release;
		};
/* End XCConfigurationList section */
	};
	rootObject = B854DFB91EF7489B00984974 /* Project object */;
}
